
Microsoft Visual Studio Solution File, Format Version 12.00
# Visual Studio Version 16
VisualStudioVersion = 16.0.31410.357
MinimumVisualStudioVersion = 10.0.40219.1
Project("{FAE04EC0-301F-11D3-BF4B-00C04F79EFBC}") = "testinscri", "testinscri\testinscri.csproj", "{72977F80-EA08-4024-A490-9D8FD1C6D565}"
EndProject
Global
	GlobalSection(SolutionConfigurationPlatforms) = preSolution
		Debug|Any CPU = Debug|Any CPU
		Release|Any CPU = Release|Any CPU
	EndGlobalSection
	GlobalSection(ProjectConfigurationPlatforms) = postSolution
		{72977F80-EA08-4024-A490-9D8FD1C6D565}.Debug|Any CPU.ActiveCfg = Debug|Any CPU
		{72977F80-EA08-4024-A490-9D8FD1C6D565}.Debug|Any CPU.Build.0 = Debug|Any CPU
		{72977F80-EA08-4024-A490-9D8FD1C6D565}.Release|Any CPU.ActiveCfg = Release|Any CPU
		{72977F80-EA08-4024-A490-9D8FD1C6D565}.Release|Any CPU.Build.0 = Release|Any CPU
	EndGlobalSection
	GlobalSection(SolutionProperties) = preSolution
		HideSolutionNode = FALSE
	EndGlobalSection
	GlobalSection(ExtensibilityGlobals) = postSolution
		SolutionGuid = {594C45B3-7EC8-4EED-B2CC-339C01EB3E80}
	EndGlobalSection
EndGlobal
